// !$*UTF8*$!
{
	archiveVersion = 1;
	classes = {
	};
	objectVersion = 46;
	objects = {

/* Begin PBXBuildFile section */
		4B40E5701ED91FC900CAE2AC /* TabBarViewController.swift in Sources */ = {isa = PBXBuildFile; fileRef = 4B40E56F1ED91FC900CAE2AC /* TabBarViewController.swift */; };
		4B40E5721ED9251000CAE2AC /* FristViewController.swift in Sources */ = {isa = PBXBuildFile; fileRef = 4B40E5711ED9251000CAE2AC /* FristViewController.swift */; };
		4B40E5741ED926E700CAE2AC /* FristSubViewController.swift in Sources */ = {isa = PBXBuildFile; fileRef = 4B40E5731ED926E700CAE2AC /* FristSubViewController.swift */; };
		4B89DE29202839820035573C /* TLStoryCameraFramework.framework in Frameworks */ = {isa = PBXBuildFile; fileRef = 4B89DE282028396B0035573C /* TLStoryCameraFramework.framework */; };
		4B89DE2A202839820035573C /* TLStoryCameraFramework.framework in Embed Frameworks */ = {isa = PBXBuildFile; fileRef = 4B89DE282028396B0035573C /* TLStoryCameraFramework.framework */; settings = {ATTRIBUTES = (CodeSignOnCopy, RemoveHeadersOnCopy, ); }; };
		4B89DFFD2028556B0035573C /* Assets.xcassets in Resources */ = {isa = PBXBuildFile; fileRef = 4B89DFFC2028556B0035573C /* Assets.xcassets */; };
		4B89DFFF2028580E0035573C /* TLStoryCameraResources.bundle in Resources */ = {isa = PBXBuildFile; fileRef = 4B89DFFE2028580D0035573C /* TLStoryCameraResources.bundle */; };
		C64E77501EC00D9C005B09B6 /* AppDelegate.swift in Sources */ = {isa = PBXBuildFile; fileRef = C64E774F1EC00D9C005B09B6 /* AppDelegate.swift */; };
		C64E775A1EC00D9C005B09B6 /* LaunchScreen.storyboard in Resources */ = {isa = PBXBuildFile; fileRef = C64E77581EC00D9C005B09B6 /* LaunchScreen.storyboard */; };
/* End PBXBuildFile section */

/* Begin PBXContainerItemProxy section */
		4B89DE272028396B0035573C /* PBXContainerItemProxy */ = {
			isa = PBXContainerItemProxy;
			containerPortal = 4B89DE232028396B0035573C /* TLStoryCameraFramework.xcodeproj */;
			proxyType = 2;
			remoteGlobalIDString = 4B58E88F2028249A00C29299;
			remoteInfo = TLStoryCameraFramework;
		};
		4B89DE2B202839820035573C /* PBXContainerItemProxy */ = {
			isa = PBXContainerItemProxy;
			containerPortal = 4B89DE232028396B0035573C /* TLStoryCameraFramework.xcodeproj */;
			proxyType = 1;
			remoteGlobalIDString = 4B58E88E2028249A00C29299;
			remoteInfo = TLStoryCameraFramework;
		};
/* End PBXContainerItemProxy section */

/* Begin PBXCopyFilesBuildPhase section */
		4BC5986D20282F31006DE1C2 /* Embed Frameworks */ = {
			isa = PBXCopyFilesBuildPhase;
			buildActionMask = 2147483647;
			dstPath = "";
			dstSubfolderSpec = 10;
			files = (
				4B89DE2A202839820035573C /* TLStoryCameraFramework.framework in Embed Frameworks */,
			);
			name = "Embed Frameworks";
			runOnlyForDeploymentPostprocessing = 0;
		};
/* End PBXCopyFilesBuildPhase section */

/* Begin PBXFileReference section */
		4B40E56F1ED91FC900CAE2AC /* TabBarViewController.swift */ = {isa = PBXFileReference; fileEncoding = 4; lastKnownFileType = sourcecode.swift; path = TabBarViewController.swift; sourceTree = "<group>"; };
		4B40E5711ED9251000CAE2AC /* FristViewController.swift */ = {isa = PBXFileReference; fileEncoding = 4; lastKnownFileType = sourcecode.swift; path = FristViewController.swift; sourceTree = "<group>"; };
		4B40E5731ED926E700CAE2AC /* FristSubViewController.swift */ = {isa = PBXFileReference; fileEncoding = 4; lastKnownFileType = sourcecode.swift; path = FristSubViewController.swift; sourceTree = "<group>"; };
		4B89DE232028396B0035573C /* TLStoryCameraFramework.xcodeproj */ = {isa = PBXFileReference; lastKnownFileType = "wrapper.pb-project"; name = TLStoryCameraFramework.xcodeproj; path = TLStoryCameraFramework/TLStoryCameraFramework.xcodeproj; sourceTree = "<group>"; };
		4B89DFFC2028556B0035573C /* Assets.xcassets */ = {isa = PBXFileReference; lastKnownFileType = folder.assetcatalog; path = Assets.xcassets; sourceTree = "<group>"; };
		4B89DFFE2028580D0035573C /* TLStoryCameraResources.bundle */ = {isa = PBXFileReference; lastKnownFileType = "wrapper.plug-in"; path = TLStoryCameraResources.bundle; sourceTree = "<group>"; };
		C64E774C1EC00D9C005B09B6 /* TLStoryCamera.app */ = {isa = PBXFileReference; explicitFileType = wrapper.application; includeInIndex = 0; path = TLStoryCamera.app; sourceTree = BUILT_PRODUCTS_DIR; };
		C64E774F1EC00D9C005B09B6 /* AppDelegate.swift */ = {isa = PBXFileReference; lastKnownFileType = sourcecode.swift; path = AppDelegate.swift; sourceTree = "<group>"; };
		C64E77591EC00D9C005B09B6 /* Base */ = {isa = PBXFileReference; lastKnownFileType = file.storyboard; name = Base; path = Base.lproj/LaunchScreen.storyboard; sourceTree = "<group>"; };
		C64E775B1EC00D9C005B09B6 /* Info.plist */ = {isa = PBXFileReference; lastKnownFileType = text.plist.xml; path = Info.plist; sourceTree = "<group>"; };
/* End PBXFileReference section */

/* Begin PBXFrameworksBuildPhase section */
		C64E77491EC00D9C005B09B6 /* Frameworks */ = {
			isa = PBXFrameworksBuildPhase;
			buildActionMask = 2147483647;
			files = (
				4B89DE29202839820035573C /* TLStoryCameraFramework.framework in Frameworks */,
			);
			runOnlyForDeploymentPostprocessing = 0;
		};
/* End PBXFrameworksBuildPhase section */

/* Begin PBXGroup section */
		4B89DE242028396B0035573C /* Products */ = {
			isa = PBXGroup;
			children = (
				4B89DE282028396B0035573C /* TLStoryCameraFramework.framework */,
			);
			name = Products;
			sourceTree = "<group>";
		};
		4B89DFEA2028400B0035573C /* Frameworks */ = {
			isa = PBXGroup;
			children = (
			);
			name = Frameworks;
			sourceTree = "<group>";
		};
		C64E77431EC00D9C005B09B6 = {
			isa = PBXGroup;
			children = (
				4B89DFFE2028580D0035573C /* TLStoryCameraResources.bundle */,
				4B89DE232028396B0035573C /* TLStoryCameraFramework.xcodeproj */,
				C64E774E1EC00D9C005B09B6 /* TLStoryCamera */,
				C64E774D1EC00D9C005B09B6 /* Products */,
				4B89DFEA2028400B0035573C /* Frameworks */,
			);
			sourceTree = "<group>";
		};
		C64E774D1EC00D9C005B09B6 /* Products */ = {
			isa = PBXGroup;
			children = (
				C64E774C1EC00D9C005B09B6 /* TLStoryCamera.app */,
			);
			name = Products;
			sourceTree = "<group>";
		};
		C64E774E1EC00D9C005B09B6 /* TLStoryCamera */ = {
			isa = PBXGroup;
			children = (
				4B89DFFC2028556B0035573C /* Assets.xcassets */,
				C64E774F1EC00D9C005B09B6 /* AppDelegate.swift */,
				4B40E56F1ED91FC900CAE2AC /* TabBarViewController.swift */,
				4B40E5711ED9251000CAE2AC /* FristViewController.swift */,
				4B40E5731ED926E700CAE2AC /* FristSubViewController.swift */,
				C64E77581EC00D9C005B09B6 /* LaunchScreen.storyboard */,
				C64E775B1EC00D9C005B09B6 /* Info.plist */,
			);
			path = TLStoryCamera;
			sourceTree = "<group>";
		};
/* End PBXGroup section */

/* Begin PBXNativeTarget section */
		C64E774B1EC00D9C005B09B6 /* TLStoryCamera */ = {
			isa = PBXNativeTarget;
			buildConfigurationList = C64E775E1EC00D9C005B09B6 /* Build configuration list for PBXNativeTarget "TLStoryCamera" */;
			buildPhases = (
				C64E77481EC00D9C005B09B6 /* Sources */,
				C64E77491EC00D9C005B09B6 /* Frameworks */,
				C64E774A1EC00D9C005B09B6 /* Resources */,
				4BC5986D20282F31006DE1C2 /* Embed Frameworks */,
			);
			buildRules = (
			);
			dependencies = (
				4B89DE2C202839820035573C /* PBXTargetDependency */,
			);
			name = TLStoryCamera;
			productName = TLStoryCamera;
			productReference = C64E774C1EC00D9C005B09B6 /* TLStoryCamera.app */;
			productType = "com.apple.product-type.application";
		};
/* End PBXNativeTarget section */

/* Begin PBXProject section */
		C64E77441EC00D9C005B09B6 /* Project object */ = {
			isa = PBXProject;
			attributes = {
				LastSwiftUpdateCheck = 0830;
				LastUpgradeCheck = 0920;
				ORGANIZATIONNAME = com.garry;
				TargetAttributes = {
					C64E774B1EC00D9C005B09B6 = {
						CreatedOnToolsVersion = 8.3.2;
						DevelopmentTeam = X9RH92V4S6;
						LastSwiftMigration = 0920;
						ProvisioningStyle = Automatic;
					};
				};
			};
			buildConfigurationList = C64E77471EC00D9C005B09B6 /* Build configuration list for PBXProject "TLStoryCamera" */;
			compatibilityVersion = "Xcode 3.2";
			developmentRegion = English;
			hasScannedForEncodings = 0;
			knownRegions = (
				en,
				Base,
			);
			mainGroup = C64E77431EC00D9C005B09B6;
			productRefGroup = C64E774D1EC00D9C005B09B6 /* Products */;
			projectDirPath = "";
			projectReferences = (
				{
					ProductGroup = 4B89DE242028396B0035573C /* Products */;
					ProjectRef = 4B89DE232028396B0035573C /* TLStoryCameraFramework.xcodeproj */;
				},
			);
			projectRoot = "";
			targets = (
				C64E774B1EC00D9C005B09B6 /* TLStoryCamera */,
			);
		};
/* End PBXProject section */

/* Begin PBXReferenceProxy section */
		4B89DE282028396B0035573C /* TLStoryCameraFramework.framework */ = {
			isa = PBXReferenceProxy;
			fileType = wrapper.framework;
			path = TLStoryCameraFramework.framework;
			remoteRef = 4B89DE272028396B0035573C /* PBXContainerItemProxy */;
			sourceTree = BUILT_PRODUCTS_DIR;
		};
/* End PBXReferenceProxy section */

/* Begin PBXResourcesBuildPhase section */
		C64E774A1EC00D9C005B09B6 /* Resources */ = {
			isa = PBXResourcesBuildPhase;
			buildActionMask = 2147483647;
			files = (
				4B89DFFF2028580E0035573C /* TLStoryCameraResources.bundle in Resources */,
				C64E775A1EC00D9C005B09B6 /* LaunchScreen.storyboard in Resources */,
				4B89DFFD2028556B0035573C /* Assets.xcassets in Resources */,
			);
			runOnlyForDeploymentPostprocessing = 0;
		};
/* End PBXResourcesBuildPhase section */

/* Begin PBXSourcesBuildPhase section */
		C64E77481EC00D9C005B09B6 /* Sources */ = {
			isa = PBXSourcesBuildPhase;
			buildActionMask = 2147483647;
			files = (
				4B40E5721ED9251000CAE2AC /* FristViewController.swift in Sources */,
				4B40E5701ED91FC900CAE2AC /* TabBarViewController.swift in Sources */,
				C64E77501EC00D9C005B09B6 /* AppDelegate.swift in Sources */,
				4B40E5741ED926E700CAE2AC /* FristSubViewController.swift in Sources */,
			);
			runOnlyForDeploymentPostprocessing = 0;
		};
/* End PBXSourcesBuildPhase section */

/* Begin PBXTargetDependency section */
		4B89DE2C202839820035573C /* PBXTargetDependency */ = {
			isa = PBXTargetDependency;
			name = TLStoryCameraFramework;
			targetProxy = 4B89DE2B202839820035573C /* PBXContainerItemProxy */;
		};
/* End PBXTargetDependency section */

/* Begin PBXVariantGroup section */
		C64E77581EC00D9C005B09B6 /* LaunchScreen.storyboard */ = {
			isa = PBXVariantGroup;
			children = (
				C64E77591EC00D9C005B09B6 /* Base */,
			);
			name = LaunchScreen.storyboard;
			sourceTree = "<group>";
		};
/* End PBXVariantGroup section */

/* Begin XCBuildConfiguration section */
		C64E775C1EC00D9C005B09B6 /* Debug */ = {
			isa = XCBuildConfiguration;
			buildSettings = {
				ALWAYS_SEARCH_USER_PATHS = NO;
				CLANG_ANALYZER_NONNULL = YES;
				CLANG_ANALYZER_NUMBER_OBJECT_CONVERSION = YES_AGGRESSIVE;
				CLANG_CXX_LANGUAGE_STANDARD = "gnu++0x";
				CLANG_CXX_LIBRARY = "libc++";
				CLANG_ENABLE_MODULES = YES;
				CLANG_ENABLE_OBJC_ARC = YES;
				CLANG_WARN_BLOCK_CAPTURE_AUTORELEASING = YES;
				CLANG_WARN_BOOL_CONVERSION = YES;
				CLANG_WARN_COMMA = YES;
				CLANG_WARN_CONSTANT_CONVERSION = YES;
				CLANG_WARN_DIRECT_OBJC_ISA_USAGE = YES_ERROR;
				CLANG_WARN_DOCUMENTATION_COMMENTS = YES;
				CLANG_WARN_EMPTY_BODY = YES;
				CLANG_WARN_ENUM_CONVERSION = YES;
				CLANG_WARN_INFINITE_RECURSION = YES;
				CLANG_WARN_INT_CONVERSION = YES;
				CLANG_WARN_NON_LITERAL_NULL_CONVERSION = YES;
				CLANG_WARN_OBJC_LITERAL_CONVERSION = YES;
				CLANG_WARN_OBJC_ROOT_CLASS = YES_ERROR;
				CLANG_WARN_RANGE_LOOP_ANALYSIS = YES;
				CLANG_WARN_STRICT_PROTOTYPES = YES;
				CLANG_WARN_SUSPICIOUS_MOVE = YES;
				CLANG_WARN_UNREACHABLE_CODE = YES;
				CLANG_WARN__DUPLICATE_METHOD_MATCH = YES;
				"CODE_SIGN_IDENTITY[sdk=iphoneos*]" = "iPhone Developer";
				COPY_PHASE_STRIP = NO;
				DEBUG_INFORMATION_FORMAT = dwarf;
				ENABLE_STRICT_OBJC_MSGSEND = YES;
				ENABLE_TESTABILITY = YES;
				GCC_C_LANGUAGE_STANDARD = gnu99;
				GCC_DYNAMIC_NO_PIC = NO;
				GCC_NO_COMMON_BLOCKS = YES;
				GCC_OPTIMIZATION_LEVEL = 0;
				GCC_PREPROCESSOR_DEFINITIONS = (
					"DEBUG=1",
					"$(inherited)",
				);
				GCC_WARN_64_TO_32_BIT_CONVERSION = YES;
				GCC_WARN_ABOUT_RETURN_TYPE = YES_ERROR;
				GCC_WARN_UNDECLARED_SELECTOR = YES;
				GCC_WARN_UNINITIALIZED_AUTOS = YES_AGGRESSIVE;
				GCC_WARN_UNUSED_FUNCTION = YES;
				GCC_WARN_UNUSED_VARIABLE = YES;
				IPHONEOS_DEPLOYMENT_TARGET = 8.0;
				MTL_ENABLE_DEBUG_INFO = YES;
				ONLY_ACTIVE_ARCH = YES;
				SDKROOT = iphoneos;
				SWIFT_ACTIVE_COMPILATION_CONDITIONS = DEBUG;
				SWIFT_OPTIMIZATION_LEVEL = "-Onone";
			};
			name = Debug;
		};
		C64E775D1EC00D9C005B09B6 /* Release */ = {
			isa = XCBuildConfiguration;
			buildSettings = {
				ALWAYS_SEARCH_USER_PATHS = NO;
				CLANG_ANALYZER_NONNULL = YES;
				CLANG_ANALYZER_NUMBER_OBJECT_CONVERSION = YES_AGGRESSIVE;
				CLANG_CXX_LANGUAGE_STANDARD = "gnu++0x";
				CLANG_CXX_LIBRARY = "libc++";
				CLANG_ENABLE_MODULES = YES;
				CLANG_ENABLE_OBJC_ARC = YES;
				CLANG_WARN_BLOCK_CAPTURE_AUTORELEASING = YES;
				CLANG_WARN_BOOL_CONVERSION = YES;
				CLANG_WARN_COMMA = YES;
				CLANG_WARN_CONSTANT_CONVERSION = YES;
				CLANG_WARN_DIRECT_OBJC_ISA_USAGE = YES_ERROR;
				CLANG_WARN_DOCUMENTATION_COMMENTS = YES;
				CLANG_WARN_EMPTY_BODY = YES;
				CLANG_WARN_ENUM_CONVERSION = YES;
				CLANG_WARN_INFINITE_RECURSION = YES;
				CLANG_WARN_INT_CONVERSION = YES;
				CLANG_WARN_NON_LITERAL_NULL_CONVERSION = YES;
				CLANG_WARN_OBJC_LITERAL_CONVERSION = YES;
				CLANG_WARN_OBJC_ROOT_CLASS = YES_ERROR;
				CLANG_WARN_RANGE_LOOP_ANALYSIS = YES;
				CLANG_WARN_STRICT_PROTOTYPES = YES;
				CLANG_WARN_SUSPICIOUS_MOVE = YES;
				CLANG_WARN_UNREACHABLE_CODE = YES;
				CLANG_WARN__DUPLICATE_METHOD_MATCH = YES;
				"CODE_SIGN_IDENTITY[sdk=iphoneos*]" = "iPhone Developer";
				COPY_PHASE_STRIP = NO;
				DEBUG_INFORMATION_FORMAT = "dwarf-with-dsym";
				ENABLE_NS_ASSERTIONS = NO;
				ENABLE_STRICT_OBJC_MSGSEND = YES;
				GCC_C_LANGUAGE_STANDARD = gnu99;
				GCC_NO_COMMON_BLOCKS = YES;
				GCC_WARN_64_TO_32_BIT_CONVERSION = YES;
				GCC_WARN_ABOUT_RETURN_TYPE = YES_ERROR;
				GCC_WARN_UNDECLARED_SELECTOR = YES;
				GCC_WARN_UNINITIALIZED_AUTOS = YES_AGGRESSIVE;
				GCC_WARN_UNUSED_FUNCTION = YES;
				GCC_WARN_UNUSED_VARIABLE = YES;
				IPHONEOS_DEPLOYMENT_TARGET = 8.0;
				MTL_ENABLE_DEBUG_INFO = NO;
				SDKROOT = iphoneos;
				SWIFT_OPTIMIZATION_LEVEL = "-Owholemodule";
				VALIDATE_PRODUCT = YES;
			};
			name = Release;
		};
		C64E775F1EC00D9C005B09B6 /* Debug */ = {
			isa = XCBuildConfiguration;
			buildSettings = {
				ALWAYS_EMBED_SWIFT_STANDARD_LIBRARIES = YES;
				ASSETCATALOG_COMPILER_APPICON_NAME = AppIcon;
				DEVELOPMENT_TEAM = X9RH92V4S6;
				FRAMEWORK_SEARCH_PATHS = (
					"$(inherited)",
					"$(PROJECT_DIR)",
					"$(PROJECT_DIR)/TLStoryCameraFramework/TLStoryCameraFramework",
					"$(PROJECT_DIR)/Framework/TLStoryCameraFramework/TLStoryCameraFramework",
					"$(PROJECT_DIR)/TLStoryCamera",
				);
				INFOPLIST_FILE = TLStoryCamera/Info.plist;
				IPHONEOS_DEPLOYMENT_TARGET = 8.0;
				LD_RUNPATH_SEARCH_PATHS = "$(inherited) @executable_path/Frameworks";
				PRODUCT_BUNDLE_IDENTIFIER = com.garry.TLStoryCamera;
				PRODUCT_NAME = "$(TARGET_NAME)";
				SWIFT_SWIFT3_OBJC_INFERENCE = Default;
				SWIFT_VERSION = 4.0;
			};
			name = Debug;
		};
		C64E77601EC00D9C005B09B6 /* Release */ = {
			isa = XCBuildConfiguration;
			buildSettings = {
				ALWAYS_EMBED_SWIFT_STANDARD_LIBRARIES = YES;
				ASSETCATALOG_COMPILER_APPICON_NAME = AppIcon;
				DEVELOPMENT_TEAM = X9RH92V4S6;
				FRAMEWORK_SEARCH_PATHS = (
					"$(inherited)",
					"$(PROJECT_DIR)",
					"$(PROJECT_DIR)/TLStoryCameraFramework/TLStoryCameraFramework",
					"$(PROJECT_DIR)/Framework/TLStoryCameraFramework/TLStoryCameraFramework",
					"$(PROJECT_DIR)/TLStoryCamera",
				);
				INFOPLIST_FILE = TLStoryCamera/Info.plist;
				IPHONEOS_DEPLOYMENT_TARGET = 8.0;
				LD_RUNPATH_SEARCH_PATHS = "$(inherited) @executable_path/Frameworks";
				PRODUCT_BUNDLE_IDENTIFIER = com.garry.TLStoryCamera;
				PRODUCT_NAME = "$(TARGET_NAME)";
				SWIFT_SWIFT3_OBJC_INFERENCE = Default;
				SWIFT_VERSION = 4.0;
			};
			name = Release;
		};
/* End XCBuildConfiguration section */

/* Begin XCConfigurationList section */
		C64E77471EC00D9C005B09B6 /* Build configuration list for PBXProject "TLStoryCamera" */ = {
			isa = XCConfigurationList;
			buildConfigurations = (
				C64E775C1EC00D9C005B09B6 /* Debug */,
				C64E775D1EC00D9C005B09B6 /* Release */,
			);
			defaultConfigurationIsVisible = 0;
			defaultConfigurationName = Release;
		};
		C64E775E1EC00D9C005B09B6 /* Build configuration list for PBXNativeTarget "TLStoryCamera" */ = {
			isa = XCConfigurationList;
			buildConfigurations = (
				C64E775F1EC00D9C005B09B6 /* Debug */,
				C64E77601EC00D9C005B09B6 /* Release */,
			);
			defaultConfigurationIsVisible = 0;
			defaultConfigurationName = Release;
		};
/* End XCConfigurationList section */
	};
	rootObject = C64E77441EC00D9C005B09B6 /* Project object */;
}
